
Microsoft Visual Studio Solution File, Format Version 12.00
Project("{FAE04EC0-301F-11D3-BF4B-00C04F79EFBC}") = "Sample.VerifyQuestPdf", "Sample.VerifyQuestPdf\Sample.VerifyQuestPdf.csproj", "{B5892B48-4E57-468D-8FDF-89CFBEE25243}"
EndProject
Project("{FAE04EC0-301F-11D3-BF4B-00C04F79EFBC}") = "Sample.VerifyQuestPdf.Test", "Sample.VerifyQuestPdf.Test\Sample.VerifyQuestPdf.Test.csproj", "{9C3A7310-25E3-4E5E-8FE9-F953ACBDDB6C}"
EndProject
Global
	GlobalSection(SolutionConfigurationPlatforms) = preSolution
		Debug|Any CPU = Debug|Any CPU
		Release|Any CPU = Release|Any CPU
	EndGlobalSection
	GlobalSection(ProjectConfigurationPlatforms) = postSolution
		{B5892B48-4E57-468D-8FDF-89CFBEE25243}.Debug|Any CPU.ActiveCfg = Debug|Any CPU
		{B5892B48-4E57-468D-8FDF-89CFBEE25243}.Debug|Any CPU.Build.0 = Debug|Any CPU
		{B5892B48-4E57-468D-8FDF-89CFBEE25243}.Release|Any CPU.ActiveCfg = Release|Any CPU
		{B5892B48-4E57-468D-8FDF-89CFBEE25243}.Release|Any CPU.Build.0 = Release|Any CPU
		{9C3A7310-25E3-4E5E-8FE9-F953ACBDDB6C}.Debug|Any CPU.ActiveCfg = Debug|Any CPU
		{9C3A7310-25E3-4E5E-8FE9-F953ACBDDB6C}.Debug|Any CPU.Build.0 = Debug|Any CPU
		{9C3A7310-25E3-4E5E-8FE9-F953ACBDDB6C}.Release|Any CPU.ActiveCfg = Release|Any CPU
		{9C3A7310-25E3-4E5E-8FE9-F953ACBDDB6C}.Release|Any CPU.Build.0 = Release|Any CPU
	EndGlobalSection
EndGlobal
